hash: d0a08645e5b34ed2189e5d1c7483dabe069a51ebd1d1b8eb3eff051fea910526
updated: 2017-08-17T14:03:12.701113309+08:00
imports:
- name: github.com/containernetworking/cni
  version: a7885cb6f8ab03fba07852ded351e4f5e7a112bf
  subpackages:
  - pkg/invoke
  - pkg/skel
  - pkg/types
  - pkg/types/020
  - pkg/types/current
  - pkg/version
- name: github.com/containernetworking/plugins
  version: 7480240de9749f9a0a5c8614b17f1f03e0c06ab9
  subpackages:
  - pkg/ip
  - pkg/ipam
  - pkg/ns
  - pkg/utils/hwaddr
- name: github.com/coreos/go-iptables
  version: 259c8e6a4275d497442c721fa52204d7a58bde8b
  subpackages:
  - iptables
- name: github.com/mitchellh/mapstructure
  version: d0303fe809921458f417bcf828397a65db30a7e4
- name: github.com/sirupsen/logrus
  version: f006c2ac4710855cf0f916dd6b77acf6b048dc6e
- name: github.com/vishvananda/netlink
  version: 6e453822d85ef5721799774b654d4d02fed62afb
  subpackages:
  - nl
- name: github.com/vishvananda/netns
  version: 54f0e4339ce73702a0607f49922aaa1e749b418d
- name: github.com/yunify/qingcloud-sdk-go
  version: e11223f05644bb8582818889f6e5ff1df3686215
  subpackages:
  - client
  - config
  - logger
  - request
  - request/data
  - request/errors
  - service
  - utils
- name: golang.org/x/crypto
  version: b176d7def5d71bdd214203491f89843ed217f420
  subpackages:
  - ssh/terminal
- name: golang.org/x/sys
  version: 076b546753157f758b316e59bcb51e6807c04057
  subpackages:
  - unix
  - windows
- name: gopkg.in/yaml.v2
  version: eb3733d160e74a9c7e442f435eb3bea458e1d19f
testImports: []
